# THIS IS AN AUTOGENERATED FILE. DO NOT EDIT THIS FILE DIRECTLY.
# yarn lockfile v1


"@stimulus/core@^1.0.1":
  version "1.0.1"
  resolved "https://registry.yarnpkg.com/@stimulus/core/-/core-1.0.1.tgz#76e2c9e007df8a89dd5f8f707c63a64e1c6afef0"
  dependencies:
    "@stimulus/mutation-observers" "^1.0.0"

"@stimulus/multimap@^0.9.0":
  version "0.9.0"
  resolved "https://registry.yarnpkg.com/@stimulus/multimap/-/multimap-0.9.0.tgz#ed63699b3efb273411c118a50955569b2565a6e8"

"@stimulus/mutation-observers@^1.0.0":
  version "1.0.0"
  resolved "https://registry.yarnpkg.com/@stimulus/mutation-observers/-/mutation-observers-1.0.0.tgz#5a54cf78ce697b72f47a7c4f4594c024a7c2656e"
  dependencies:
    "@stimulus/multimap" "^0.9.0"

"@stimulus/webpack-helpers@^1.0.0":
  version "1.0.0"
  resolved "https://registry.yarnpkg.com/@stimulus/webpack-helpers/-/webpack-helpers-1.0.0.tgz#f38b8281182436085d3472dc963dcbd81d731141"

builtin-modules@^2.0.0:
  version "2.0.0"
  resolved "https://registry.yarnpkg.com/builtin-modules/-/builtin-modules-2.0.0.tgz#60b7ef5ae6546bd7deefa74b08b62a43a232648e"

coffeescript@1.12.7:
  version "1.12.7"
  resolved "https://registry.yarnpkg.com/coffeescript/-/coffeescript-1.12.7.tgz#e57ee4c4867cf7f606bfc4a0f2d550c0981ddd27"

is-module@^1.0.0:
  version "1.0.0"
  resolved "https://registry.yarnpkg.com/is-module/-/is-module-1.0.0.tgz#3258fb69f78c14d5b815d664336b4cffb6441591"

jsep@^0.3.3:
  version "0.3.3"
  resolved "https://registry.yarnpkg.com/jsep/-/jsep-0.3.3.tgz#c6789d352f1ba37ee14062f44395837390beeccc"

path-parse@^1.0.5:
  version "1.0.5"
  resolved "https://registry.yarnpkg.com/path-parse/-/path-parse-1.0.5.tgz#3c1adf871ea9cd6c9431b6ea2bd74a0ff055c4c1"

resolve@^1.1.6:
  version "1.5.0"
  resolved "https://registry.yarnpkg.com/resolve/-/resolve-1.5.0.tgz#1f09acce796c9a762579f31b2c1cc4c3cddf9f36"
  dependencies:
    path-parse "^1.0.5"

rollup-plugin-node-resolve@^3.2.0:
  version "3.2.0"
  resolved "https://registry.yarnpkg.com/rollup-plugin-node-resolve/-/rollup-plugin-node-resolve-3.2.0.tgz#31534952f3ab21f9473c1d092be7ed43937ea4d4"
  dependencies:
    builtin-modules "^2.0.0"
    is-module "^1.0.0"
    resolve "^1.1.6"

rollup@^0.56.5:
  version "0.56.5"
  resolved "https://registry.yarnpkg.com/rollup/-/rollup-0.56.5.tgz#40fe3cf0cd1659d469baad11f4d5b6336c14ce84"

stimulus@^1.0.1:
  version "1.0.1"
  resolved "https://registry.yarnpkg.com/stimulus/-/stimulus-1.0.1.tgz#34418d9e05039920359c02590841147bce78b555"
  dependencies:
    "@stimulus/core" "^1.0.1"
    "@stimulus/webpack-helpers" "^1.0.0"
